{
  "object": {
    "pins": [
      {
        "package": "DictionarySlicing",
        "repositoryURL": "https://github.com/wltrup/DictionarySlicing.git",
        "state": {
          "branch": null,
          "revision": "71604880b8653e66caf6a065cc0f197d346e7b6b",
          "version": "0.1.0"
        }
      },
      {
        "package": "SortOrder",
        "repositoryURL": "https://github.com/wltrup/SortOrder.git",
        "state": {
          "branch": null,
          "revision": "69581e055e5dfc9bedd9e7de330927aa9cab7cb0",
          "version": "0.1.0"
        }
      }
    ]
  },
  "version": 1
}
